
Microsoft Visual Studio Solution File, Format Version 11.00
# Visual Studio 2010
Project("{FAE04EC0-301F-11D3-BF4B-00C04F79EFBC}") = "Web Security Backend Login Handler", "Web Security Backend Login Handler\Web Security Backend Login Handler.csproj", "{6475C012-0DC6-4CD4-8562-3BFD761A0F91}"
EndProject
Project("{FAE04EC0-301F-11D3-BF4B-00C04F79EFBC}") = "Test.Web_Security_Backend_Login_Handler", "Test.Web_Security_Backend_Login_Handler\Test.Web_Security_Backend_Login_Handler.csproj", "{636CF864-7905-41CE-8BFD-AE2AA88507E4}"
EndProject
Project("{2150E333-8FDC-42A3-9474-1A3956D46DE8}") = "Solution Items", "Solution Items", "{E2840965-BEB3-43E0-B521-524F0C7BFB11}"
	ProjectSection(SolutionItems) = preProject
		Local.testsettings = Local.testsettings
		TraceAndTestImpact.testsettings = TraceAndTestImpact.testsettings
		Web Security Backend Login Handler.vsmdi = Web Security Backend Login Handler.vsmdi
	EndProjectSection
EndProject
Project("{FAE04EC0-301F-11D3-BF4B-00C04F79EFBC}") = "RSAClasses", "..\..\..\..\Desktop\RSAClasses\RSAClasses\RSAClasses.csproj", "{707A39C5-D485-443C-A666-C20882092348}"
EndProject
Global
	GlobalSection(TestCaseManagementSettings) = postSolution
		CategoryFile = Web Security Backend Login Handler.vsmdi
	EndGlobalSection
	GlobalSection(SolutionConfigurationPlatforms) = preSolution
		Debug|Any CPU = Debug|Any CPU
		Release|Any CPU = Release|Any CPU
	EndGlobalSection
	GlobalSection(ProjectConfigurationPlatforms) = postSolution
		{6475C012-0DC6-4CD4-8562-3BFD761A0F91}.Debug|Any CPU.ActiveCfg = Debug|Any CPU
		{6475C012-0DC6-4CD4-8562-3BFD761A0F91}.Debug|Any CPU.Build.0 = Debug|Any CPU
		{6475C012-0DC6-4CD4-8562-3BFD761A0F91}.Release|Any CPU.ActiveCfg = Release|Any CPU
		{6475C012-0DC6-4CD4-8562-3BFD761A0F91}.Release|Any CPU.Build.0 = Release|Any CPU
		{636CF864-7905-41CE-8BFD-AE2AA88507E4}.Debug|Any CPU.ActiveCfg = Debug|Any CPU
		{636CF864-7905-41CE-8BFD-AE2AA88507E4}.Debug|Any CPU.Build.0 = Debug|Any CPU
		{636CF864-7905-41CE-8BFD-AE2AA88507E4}.Release|Any CPU.ActiveCfg = Release|Any CPU
		{636CF864-7905-41CE-8BFD-AE2AA88507E4}.Release|Any CPU.Build.0 = Release|Any CPU
		{707A39C5-D485-443C-A666-C20882092348}.Debug|Any CPU.ActiveCfg = Debug|Any CPU
		{707A39C5-D485-443C-A666-C20882092348}.Debug|Any CPU.Build.0 = Debug|Any CPU
		{707A39C5-D485-443C-A666-C20882092348}.Release|Any CPU.ActiveCfg = Release|Any CPU
		{707A39C5-D485-443C-A666-C20882092348}.Release|Any CPU.Build.0 = Release|Any CPU
	EndGlobalSection
	GlobalSection(SolutionProperties) = preSolution
		HideSolutionNode = FALSE
	EndGlobalSection
EndGlobal
